
Microsoft Visual Studio Solution File, Format Version 12.00
# Visual Studio Version 17
VisualStudioVersion = 17.5.33502.453
MinimumVisualStudioVersion = 10.0.40219.1
Project("{9A19103F-16F7-4668-BE54-9A1E7A4F7556}") = "CarRental.API", "CarRental.API.csproj", "{8EDEC306-85E6-46B2-8241-C19D8ACB75C5}"
EndProject
Project("{9A19103F-16F7-4668-BE54-9A1E7A4F7556}") = "CarRental.Web", "F:\Doc\Marko Sekuljica\VS\CarRental.Web\CarRental.Web.csproj", "{D69765DE-14A2-4D9C-BD2D-0B6453D1B275}"
EndProject
Global
	GlobalSection(SolutionConfigurationPlatforms) = preSolution
		Debug|Any CPU = Debug|Any CPU
		Release|Any CPU = Release|Any CPU
	EndGlobalSection
	GlobalSection(ProjectConfigurationPlatforms) = postSolution
		{8EDEC306-85E6-46B2-8241-C19D8ACB75C5}.Debug|Any CPU.ActiveCfg = Debug|Any CPU
		{8EDEC306-85E6-46B2-8241-C19D8ACB75C5}.Debug|Any CPU.Build.0 = Debug|Any CPU
		{8EDEC306-85E6-46B2-8241-C19D8ACB75C5}.Release|Any CPU.ActiveCfg = Release|Any CPU
		{8EDEC306-85E6-46B2-8241-C19D8ACB75C5}.Release|Any CPU.Build.0 = Release|Any CPU
		{D69765DE-14A2-4D9C-BD2D-0B6453D1B275}.Debug|Any CPU.ActiveCfg = Debug|Any CPU
		{D69765DE-14A2-4D9C-BD2D-0B6453D1B275}.Debug|Any CPU.Build.0 = Debug|Any CPU
		{D69765DE-14A2-4D9C-BD2D-0B6453D1B275}.Release|Any CPU.ActiveCfg = Release|Any CPU
		{D69765DE-14A2-4D9C-BD2D-0B6453D1B275}.Release|Any CPU.Build.0 = Release|Any CPU
	EndGlobalSection
	GlobalSection(SolutionProperties) = preSolution
		HideSolutionNode = FALSE
	EndGlobalSection
	GlobalSection(ExtensibilityGlobals) = postSolution
		SolutionGuid = {890A4AAA-4DDF-4B6F-8370-20D30DE67AC4}
	EndGlobalSection
EndGlobal
