
Microsoft Visual Studio Solution File, Format Version 12.00
# Visual Studio Version 17
VisualStudioVersion = 17.5.33502.453
MinimumVisualStudioVersion = 10.0.40219.1
Project("{FAE04EC0-301F-11D3-BF4B-00C04F79EFBC}") = "CarRental.API", "CarRental.API.csproj", "{8EDEC306-85E6-46B2-8241-C19D8ACB75C5}"
EndProject
Global
	GlobalSection(SolutionConfigurationPlatforms) = preSolution
		Debug|Any CPU = Debug|Any CPU
		Release|Any CPU = Release|Any CPU
	EndGlobalSection
	GlobalSection(ProjectConfigurationPlatforms) = postSolution
		{8EDEC306-85E6-46B2-8241-C19D8ACB75C5}.Debug|Any CPU.ActiveCfg = Debug|Any CPU
		{8EDEC306-85E6-46B2-8241-C19D8ACB75C5}.Debug|Any CPU.Build.0 = Debug|Any CPU
		{8EDEC306-85E6-46B2-8241-C19D8ACB75C5}.Release|Any CPU.ActiveCfg = Release|Any CPU
		{8EDEC306-85E6-46B2-8241-C19D8ACB75C5}.Release|Any CPU.Build.0 = Release|Any CPU
	EndGlobalSection
	GlobalSection(SolutionProperties) = preSolution
		HideSolutionNode = FALSE
	EndGlobalSection
	GlobalSection(ExtensibilityGlobals) = postSolution
		SolutionGuid = {890A4AAA-4DDF-4B6F-8370-20D30DE67AC4}
	EndGlobalSection
EndGlobal
